
Microsoft Visual Studio Solution File, Format Version 12.00
# Visual Studio 2012
Project("{FAE04EC0-301F-11D3-BF4B-00C04F79EFBC}") = "GadgeteerApp3", "GadgeteerApp3\GadgeteerApp3.csproj", "{189EA145-42EF-47B8-90C3-62F9D40FA17F}"
EndProject
Global
	GlobalSection(SolutionConfigurationPlatforms) = preSolution
		Debug|Any CPU = Debug|Any CPU
		Release|Any CPU = Release|Any CPU
	EndGlobalSection
	GlobalSection(ProjectConfigurationPlatforms) = postSolution
		{189EA145-42EF-47B8-90C3-62F9D40FA17F}.Debug|Any CPU.ActiveCfg = Debug|Any CPU
		{189EA145-42EF-47B8-90C3-62F9D40FA17F}.Debug|Any CPU.Build.0 = Debug|Any CPU
		{189EA145-42EF-47B8-90C3-62F9D40FA17F}.Debug|Any CPU.Deploy.0 = Debug|Any CPU
		{189EA145-42EF-47B8-90C3-62F9D40FA17F}.Release|Any CPU.ActiveCfg = Release|Any CPU
		{189EA145-42EF-47B8-90C3-62F9D40FA17F}.Release|Any CPU.Build.0 = Release|Any CPU
		{189EA145-42EF-47B8-90C3-62F9D40FA17F}.Release|Any CPU.Deploy.0 = Release|Any CPU
	EndGlobalSection
	GlobalSection(SolutionProperties) = preSolution
		HideSolutionNode = FALSE
	EndGlobalSection
EndGlobal
